
Microsoft Visual Studio Solution File, Format Version 12.00
# Visual Studio 14
VisualStudioVersion = 14.0.22823.1
MinimumVisualStudioVersion = 10.0.40219.1
Project("{FAE04EC0-301F-11D3-BF4B-00C04F79EFBC}") = "FOAASClient", "FOAASClient\FOAASClient.csproj", "{52EAEB62-3EE9-4921-8EC4-FE62337CA1DD}"
EndProject
Project("{FAE04EC0-301F-11D3-BF4B-00C04F79EFBC}") = "FOASSClient.Tests", "FOASSClient.Tests\FOASSClient.Tests.csproj", "{2359C617-5FCC-44FD-B607-A461E88F141A}"
EndProject
Global
	GlobalSection(SolutionConfigurationPlatforms) = preSolution
		Debug|Any CPU = Debug|Any CPU
		Release|Any CPU = Release|Any CPU
	EndGlobalSection
	GlobalSection(ProjectConfigurationPlatforms) = postSolution
		{52EAEB62-3EE9-4921-8EC4-FE62337CA1DD}.Debug|Any CPU.ActiveCfg = Debug|Any CPU
		{52EAEB62-3EE9-4921-8EC4-FE62337CA1DD}.Debug|Any CPU.Build.0 = Debug|Any CPU
		{52EAEB62-3EE9-4921-8EC4-FE62337CA1DD}.Release|Any CPU.ActiveCfg = Release|Any CPU
		{52EAEB62-3EE9-4921-8EC4-FE62337CA1DD}.Release|Any CPU.Build.0 = Release|Any CPU
		{2359C617-5FCC-44FD-B607-A461E88F141A}.Debug|Any CPU.ActiveCfg = Debug|Any CPU
		{2359C617-5FCC-44FD-B607-A461E88F141A}.Debug|Any CPU.Build.0 = Debug|Any CPU
		{2359C617-5FCC-44FD-B607-A461E88F141A}.Release|Any CPU.ActiveCfg = Release|Any CPU
		{2359C617-5FCC-44FD-B607-A461E88F141A}.Release|Any CPU.Build.0 = Release|Any CPU
	EndGlobalSection
	GlobalSection(SolutionProperties) = preSolution
		HideSolutionNode = FALSE
	EndGlobalSection
EndGlobal
